
Microsoft Visual Studio Solution File, Format Version 12.00
# Visual Studio Version 17
VisualStudioVersion = 17.2.32519.379
MinimumVisualStudioVersion = 10.0.40219.1
Project("{9A19103F-16F7-4668-BE54-9A1E7A4F7556}") = "01. Car", "01. Car\01. Car.csproj", "{29CA24A4-C38A-4CE7-8D72-B8ED9171EA18}"
EndProject
Project("{FAE04EC0-301F-11D3-BF4B-00C04F79EFBC}") = "02. Car Extension", "02. Car Extension\02. Car Extension.csproj", "{DE80F0CC-EED1-486C-B52B-BEEA42EE5173}"
EndProject
Project("{FAE04EC0-301F-11D3-BF4B-00C04F79EFBC}") = "CarsWithConstructor", "CarsWithConstructor\CarsWithConstructor.csproj", "{3385746E-E5FD-4B18-8EC5-6D17F849A42D}"
EndProject
Project("{FAE04EC0-301F-11D3-BF4B-00C04F79EFBC}") = "04. Car Engine And Tires", "04. Car Engine And Tires\04. Car Engine And Tires.csproj", "{9B039BD9-506D-4FE9-9030-7E9697F01929}"
EndProject
Global
	GlobalSection(SolutionConfigurationPlatforms) = preSolution
		Debug|Any CPU = Debug|Any CPU
		Release|Any CPU = Release|Any CPU
	EndGlobalSection
	GlobalSection(ProjectConfigurationPlatforms) = postSolution
		{29CA24A4-C38A-4CE7-8D72-B8ED9171EA18}.Debug|Any CPU.ActiveCfg = Debug|Any CPU
		{29CA24A4-C38A-4CE7-8D72-B8ED9171EA18}.Debug|Any CPU.Build.0 = Debug|Any CPU
		{29CA24A4-C38A-4CE7-8D72-B8ED9171EA18}.Release|Any CPU.ActiveCfg = Release|Any CPU
		{29CA24A4-C38A-4CE7-8D72-B8ED9171EA18}.Release|Any CPU.Build.0 = Release|Any CPU
		{DE80F0CC-EED1-486C-B52B-BEEA42EE5173}.Debug|Any CPU.ActiveCfg = Debug|Any CPU
		{DE80F0CC-EED1-486C-B52B-BEEA42EE5173}.Debug|Any CPU.Build.0 = Debug|Any CPU
		{DE80F0CC-EED1-486C-B52B-BEEA42EE5173}.Release|Any CPU.ActiveCfg = Release|Any CPU
		{DE80F0CC-EED1-486C-B52B-BEEA42EE5173}.Release|Any CPU.Build.0 = Release|Any CPU
		{3385746E-E5FD-4B18-8EC5-6D17F849A42D}.Debug|Any CPU.ActiveCfg = Debug|Any CPU
		{3385746E-E5FD-4B18-8EC5-6D17F849A42D}.Debug|Any CPU.Build.0 = Debug|Any CPU
		{3385746E-E5FD-4B18-8EC5-6D17F849A42D}.Release|Any CPU.ActiveCfg = Release|Any CPU
		{3385746E-E5FD-4B18-8EC5-6D17F849A42D}.Release|Any CPU.Build.0 = Release|Any CPU
		{9B039BD9-506D-4FE9-9030-7E9697F01929}.Debug|Any CPU.ActiveCfg = Debug|Any CPU
		{9B039BD9-506D-4FE9-9030-7E9697F01929}.Debug|Any CPU.Build.0 = Debug|Any CPU
		{9B039BD9-506D-4FE9-9030-7E9697F01929}.Release|Any CPU.ActiveCfg = Release|Any CPU
		{9B039BD9-506D-4FE9-9030-7E9697F01929}.Release|Any CPU.Build.0 = Release|Any CPU
	EndGlobalSection
	GlobalSection(SolutionProperties) = preSolution
		HideSolutionNode = FALSE
	EndGlobalSection
	GlobalSection(ExtensibilityGlobals) = postSolution
		SolutionGuid = {F66BAC48-0506-416E-A979-BCE19706FD39}
	EndGlobalSection
EndGlobal
