
Microsoft Visual Studio Solution File, Format Version 12.00
# Visual Studio Version 16
VisualStudioVersion = 16.0.30114.105
MinimumVisualStudioVersion = 10.0.40219.1
Project("{FAE04EC0-301F-11D3-BF4B-00C04F79EFBC}") = "OOP-18-04-2022", "OOP-18-04-2022\OOP-18-04-2022.csproj", "{B089D4BB-FA1D-4887-AD28-D7F16FDC7762}"
EndProject
Project("{FAE04EC0-301F-11D3-BF4B-00C04F79EFBC}") = "ClassBook", "ClassBook\ClassBook.csproj", "{3505ECF8-AE07-4E54-BB23-33C750E3984C}"
EndProject
Project("{FAE04EC0-301F-11D3-BF4B-00C04F79EFBC}") = "Point", "Point\Point.csproj", "{964A246C-AF17-4734-A011-96F3B2699188}"
EndProject
Global
	GlobalSection(SolutionConfigurationPlatforms) = preSolution
		Debug|Any CPU = Debug|Any CPU
		Release|Any CPU = Release|Any CPU
	EndGlobalSection
	GlobalSection(ProjectConfigurationPlatforms) = postSolution
		{B089D4BB-FA1D-4887-AD28-D7F16FDC7762}.Debug|Any CPU.ActiveCfg = Debug|Any CPU
		{B089D4BB-FA1D-4887-AD28-D7F16FDC7762}.Debug|Any CPU.Build.0 = Debug|Any CPU
		{B089D4BB-FA1D-4887-AD28-D7F16FDC7762}.Release|Any CPU.ActiveCfg = Release|Any CPU
		{B089D4BB-FA1D-4887-AD28-D7F16FDC7762}.Release|Any CPU.Build.0 = Release|Any CPU
		{3505ECF8-AE07-4E54-BB23-33C750E3984C}.Debug|Any CPU.ActiveCfg = Debug|Any CPU
		{3505ECF8-AE07-4E54-BB23-33C750E3984C}.Debug|Any CPU.Build.0 = Debug|Any CPU
		{3505ECF8-AE07-4E54-BB23-33C750E3984C}.Release|Any CPU.ActiveCfg = Release|Any CPU
		{3505ECF8-AE07-4E54-BB23-33C750E3984C}.Release|Any CPU.Build.0 = Release|Any CPU
		{964A246C-AF17-4734-A011-96F3B2699188}.Debug|Any CPU.ActiveCfg = Debug|Any CPU
		{964A246C-AF17-4734-A011-96F3B2699188}.Debug|Any CPU.Build.0 = Debug|Any CPU
		{964A246C-AF17-4734-A011-96F3B2699188}.Release|Any CPU.ActiveCfg = Release|Any CPU
		{964A246C-AF17-4734-A011-96F3B2699188}.Release|Any CPU.Build.0 = Release|Any CPU
	EndGlobalSection
	GlobalSection(SolutionProperties) = preSolution
		HideSolutionNode = FALSE
	EndGlobalSection
	GlobalSection(ExtensibilityGlobals) = postSolution
		SolutionGuid = {881C4FB0-DB56-497C-9939-0D8625394C6B}
	EndGlobalSection
EndGlobal
