
Microsoft Visual Studio Solution File, Format Version 12.00
# Visual Studio Version 17
VisualStudioVersion = 17.2.32519.379
MinimumVisualStudioVersion = 10.0.40219.1
Project("{9A19103F-16F7-4668-BE54-9A1E7A4F7556}") = "01. Lootbox", "01. Lootbox\01. Lootbox.csproj", "{59BD8CDB-8F0D-4EB6-B874-D4E0AB4A3B08}"
EndProject
Project("{FAE04EC0-301F-11D3-BF4B-00C04F79EFBC}") = "02. Re-Volt", "02. Re-Volt\02. Re-Volt.csproj", "{90F77807-0A8C-4CF8-A3E2-F83235B4BA3D}"
EndProject
Global
	GlobalSection(SolutionConfigurationPlatforms) = preSolution
		Debug|Any CPU = Debug|Any CPU
		Release|Any CPU = Release|Any CPU
	EndGlobalSection
	GlobalSection(ProjectConfigurationPlatforms) = postSolution
		{59BD8CDB-8F0D-4EB6-B874-D4E0AB4A3B08}.Debug|Any CPU.ActiveCfg = Debug|Any CPU
		{59BD8CDB-8F0D-4EB6-B874-D4E0AB4A3B08}.Debug|Any CPU.Build.0 = Debug|Any CPU
		{59BD8CDB-8F0D-4EB6-B874-D4E0AB4A3B08}.Release|Any CPU.ActiveCfg = Release|Any CPU
		{59BD8CDB-8F0D-4EB6-B874-D4E0AB4A3B08}.Release|Any CPU.Build.0 = Release|Any CPU
		{90F77807-0A8C-4CF8-A3E2-F83235B4BA3D}.Debug|Any CPU.ActiveCfg = Debug|Any CPU
		{90F77807-0A8C-4CF8-A3E2-F83235B4BA3D}.Debug|Any CPU.Build.0 = Debug|Any CPU
		{90F77807-0A8C-4CF8-A3E2-F83235B4BA3D}.Release|Any CPU.ActiveCfg = Release|Any CPU
		{90F77807-0A8C-4CF8-A3E2-F83235B4BA3D}.Release|Any CPU.Build.0 = Release|Any CPU
	EndGlobalSection
	GlobalSection(SolutionProperties) = preSolution
		HideSolutionNode = FALSE
	EndGlobalSection
	GlobalSection(ExtensibilityGlobals) = postSolution
		SolutionGuid = {AE9E9FE8-E404-4BD4-894C-32FE7265D7CD}
	EndGlobalSection
EndGlobal
