
Microsoft Visual Studio Solution File, Format Version 12.00
# Visual Studio Version 17
VisualStudioVersion = 17.2.32519.379
MinimumVisualStudioVersion = 10.0.40219.1
Project("{9A19103F-16F7-4668-BE54-9A1E7A4F7556}") = "EvenLines", "EvenLines\EvenLines.csproj", "{6B187797-9F24-44B8-A0BB-3106C625ACC3}"
EndProject
Project("{9A19103F-16F7-4668-BE54-9A1E7A4F7556}") = "LineNumbers", "LineNumbers\LineNumbers.csproj", "{F1AECBA2-52DB-46FE-AB58-47181B84988E}"
EndProject
Project("{FAE04EC0-301F-11D3-BF4B-00C04F79EFBC}") = "ZipAndExtract", "ZipAndExtract\ZipAndExtract.csproj", "{1723357A-64A0-4F73-9D32-6820D1C853AF}"
EndProject
Project("{FAE04EC0-301F-11D3-BF4B-00C04F79EFBC}") = "CopyDirectory", "CopyDirectory\CopyDirectory.csproj", "{F2383022-CEAE-4837-BE1D-0AFC82164D76}"
EndProject
Project("{FAE04EC0-301F-11D3-BF4B-00C04F79EFBC}") = "CopyBinaryFile", "CopyBinaryFile\CopyBinaryFile.csproj", "{6DD5B87E-52A2-4EF7-9056-26F7BAB58A6B}"
EndProject
Project("{FAE04EC0-301F-11D3-BF4B-00C04F79EFBC}") = "DirectoryTraversal", "DirectoryTraversal\DirectoryTraversal.csproj", "{CAF43722-F638-4342-A7F7-8D9099D3D82B}"
EndProject
Global
	GlobalSection(SolutionConfigurationPlatforms) = preSolution
		Debug|Any CPU = Debug|Any CPU
		Release|Any CPU = Release|Any CPU
	EndGlobalSection
	GlobalSection(ProjectConfigurationPlatforms) = postSolution
		{6B187797-9F24-44B8-A0BB-3106C625ACC3}.Debug|Any CPU.ActiveCfg = Debug|Any CPU
		{6B187797-9F24-44B8-A0BB-3106C625ACC3}.Debug|Any CPU.Build.0 = Debug|Any CPU
		{6B187797-9F24-44B8-A0BB-3106C625ACC3}.Release|Any CPU.ActiveCfg = Release|Any CPU
		{6B187797-9F24-44B8-A0BB-3106C625ACC3}.Release|Any CPU.Build.0 = Release|Any CPU
		{F1AECBA2-52DB-46FE-AB58-47181B84988E}.Debug|Any CPU.ActiveCfg = Debug|Any CPU
		{F1AECBA2-52DB-46FE-AB58-47181B84988E}.Debug|Any CPU.Build.0 = Debug|Any CPU
		{F1AECBA2-52DB-46FE-AB58-47181B84988E}.Release|Any CPU.ActiveCfg = Release|Any CPU
		{F1AECBA2-52DB-46FE-AB58-47181B84988E}.Release|Any CPU.Build.0 = Release|Any CPU
		{1723357A-64A0-4F73-9D32-6820D1C853AF}.Debug|Any CPU.ActiveCfg = Debug|Any CPU
		{1723357A-64A0-4F73-9D32-6820D1C853AF}.Debug|Any CPU.Build.0 = Debug|Any CPU
		{1723357A-64A0-4F73-9D32-6820D1C853AF}.Release|Any CPU.ActiveCfg = Release|Any CPU
		{1723357A-64A0-4F73-9D32-6820D1C853AF}.Release|Any CPU.Build.0 = Release|Any CPU
		{F2383022-CEAE-4837-BE1D-0AFC82164D76}.Debug|Any CPU.ActiveCfg = Debug|Any CPU
		{F2383022-CEAE-4837-BE1D-0AFC82164D76}.Debug|Any CPU.Build.0 = Debug|Any CPU
		{F2383022-CEAE-4837-BE1D-0AFC82164D76}.Release|Any CPU.ActiveCfg = Release|Any CPU
		{F2383022-CEAE-4837-BE1D-0AFC82164D76}.Release|Any CPU.Build.0 = Release|Any CPU
		{6DD5B87E-52A2-4EF7-9056-26F7BAB58A6B}.Debug|Any CPU.ActiveCfg = Debug|Any CPU
		{6DD5B87E-52A2-4EF7-9056-26F7BAB58A6B}.Debug|Any CPU.Build.0 = Debug|Any CPU
		{6DD5B87E-52A2-4EF7-9056-26F7BAB58A6B}.Release|Any CPU.ActiveCfg = Release|Any CPU
		{6DD5B87E-52A2-4EF7-9056-26F7BAB58A6B}.Release|Any CPU.Build.0 = Release|Any CPU
		{CAF43722-F638-4342-A7F7-8D9099D3D82B}.Debug|Any CPU.ActiveCfg = Debug|Any CPU
		{CAF43722-F638-4342-A7F7-8D9099D3D82B}.Debug|Any CPU.Build.0 = Debug|Any CPU
		{CAF43722-F638-4342-A7F7-8D9099D3D82B}.Release|Any CPU.ActiveCfg = Release|Any CPU
		{CAF43722-F638-4342-A7F7-8D9099D3D82B}.Release|Any CPU.Build.0 = Release|Any CPU
	EndGlobalSection
	GlobalSection(SolutionProperties) = preSolution
		HideSolutionNode = FALSE
	EndGlobalSection
	GlobalSection(ExtensibilityGlobals) = postSolution
		SolutionGuid = {3611799A-F3CD-4AC4-BBF0-479F541203C2}
	EndGlobalSection
EndGlobal
