
Microsoft Visual Studio Solution File, Format Version 12.00
# Visual Studio Version 17
VisualStudioVersion = 17.2.32519.379
MinimumVisualStudioVersion = 10.0.40219.1
Project("{FAE04EC0-301F-11D3-BF4B-00C04F79EFBC}") = "First", "First\First.csproj", "{88281BDD-B799-4CF7-B098-08B905CF8F39}"
EndProject
Project("{FAE04EC0-301F-11D3-BF4B-00C04F79EFBC}") = "Third", "Third\Third.csproj", "{091C8177-0A5B-4B70-B0E8-886E6025B5B5}"
EndProject
Global
	GlobalSection(SolutionConfigurationPlatforms) = preSolution
		Debug|Any CPU = Debug|Any CPU
		Release|Any CPU = Release|Any CPU
	EndGlobalSection
	GlobalSection(ProjectConfigurationPlatforms) = postSolution
		{88281BDD-B799-4CF7-B098-08B905CF8F39}.Debug|Any CPU.ActiveCfg = Debug|Any CPU
		{88281BDD-B799-4CF7-B098-08B905CF8F39}.Debug|Any CPU.Build.0 = Debug|Any CPU
		{88281BDD-B799-4CF7-B098-08B905CF8F39}.Release|Any CPU.ActiveCfg = Release|Any CPU
		{88281BDD-B799-4CF7-B098-08B905CF8F39}.Release|Any CPU.Build.0 = Release|Any CPU
		{091C8177-0A5B-4B70-B0E8-886E6025B5B5}.Debug|Any CPU.ActiveCfg = Debug|Any CPU
		{091C8177-0A5B-4B70-B0E8-886E6025B5B5}.Debug|Any CPU.Build.0 = Debug|Any CPU
		{091C8177-0A5B-4B70-B0E8-886E6025B5B5}.Release|Any CPU.ActiveCfg = Release|Any CPU
		{091C8177-0A5B-4B70-B0E8-886E6025B5B5}.Release|Any CPU.Build.0 = Release|Any CPU
	EndGlobalSection
	GlobalSection(SolutionProperties) = preSolution
		HideSolutionNode = FALSE
	EndGlobalSection
	GlobalSection(ExtensibilityGlobals) = postSolution
		SolutionGuid = {6009EFFC-501A-4C8D-AA91-894D5560A7C0}
	EndGlobalSection
EndGlobal
